{
  "requires": true,
  "lockfileVersion": 1,
  "dependencies": {
    "aws-info": {
      "version": "1.0.0",
      "resolved": "https://registry.npmjs.org/aws-info/-/aws-info-1.0.0.tgz",
      "integrity": "sha512-xhZfilnREzSwcaU/jXrfnTSY+1soseElFlkVuN0yWJnRtafH3gACXkd3vXddFgt3GvQxQ0d2g+gBtuZHoA7sZA=="
    },
    "lodash": {
      "version": "4.17.15",
      "resolved": "https://registry.npmjs.org/lodash/-/lodash-4.17.15.tgz",
      "integrity": "sha512-8xOcRHvCjnocdS5cpwXQXVzmmh5e5+saE2QGoeQmbKmRS6J3VQppPOIt0MnmE+4xlZoumy0GPG0D0MVIQbNA1A=="
    },
    "semver": {
      "version": "6.3.0",
      "resolved": "https://registry.npmjs.org/semver/-/semver-6.3.0.tgz",
      "integrity": "sha512-b39TBaTSfV6yBrapU89p5fKekE2m/NwnDocOVruQFS1/veMgdzuPcnOM34M6CwxW8jH/lxEa5rBoDeUwu5HHTw=="
    },
    "serverless-plugin-split-stacks": {
      "version": "1.9.1",
      "resolved": "https://registry.npmjs.org/serverless-plugin-split-stacks/-/serverless-plugin-split-stacks-1.9.1.tgz",
      "integrity": "sha512-kQ5darjSsfE7RHs+MtldOaT/BzA43LOU4CbZ1JH8Dy6B0S18gCegFAuJOQyl5xliHEk/OpXZJ4Fq3mGVqfb0jQ==",
      "requires": {
        "aws-info": "^1.0.0",
        "lodash": "^4.17.15",
        "semver": "^6.3.0",
        "throat": "^5.0.0"
      }
    },
    "throat": {
      "version": "5.0.0",
      "resolved": "https://registry.npmjs.org/throat/-/throat-5.0.0.tgz",
      "integrity": "sha512-fcwX4mndzpLQKBS1DVYhGAcYaYt7vsHNIvQV+WXMvnow5cgjPphq5CaayLaGsjRdSCKZFNGt7/GYAuXaNOiYCA=="
    }
  }
}
